
Microsoft Visual Studio Solution File, Format Version 12.00
# Visual Studio Version 17
VisualStudioVersion = 17.8.34511.84
MinimumVisualStudioVersion = 10.0.40219.1
Project("{FAE04EC0-301F-11D3-BF4B-00C04F79EFBC}") = "EventEase", "EventEase\EventEase.csproj", "{FBD5DEC8-9E0C-4D42-BBF9-E219D7D8073A}"
EndProject
Global
	GlobalSection(SolutionConfigurationPlatforms) = preSolution
		Debug|Any CPU = Debug|Any CPU
		Release|Any CPU = Release|Any CPU
	EndGlobalSection
	GlobalSection(ProjectConfigurationPlatforms) = postSolution
		{FBD5DEC8-9E0C-4D42-BBF9-E219D7D8073A}.Debug|Any CPU.ActiveCfg = Debug|Any CPU
		{FBD5DEC8-9E0C-4D42-BBF9-E219D7D8073A}.Debug|Any CPU.Build.0 = Debug|Any CPU
		{FBD5DEC8-9E0C-4D42-BBF9-E219D7D8073A}.Release|Any CPU.ActiveCfg = Release|Any CPU
		{FBD5DEC8-9E0C-4D42-BBF9-E219D7D8073A}.Release|Any CPU.Build.0 = Release|Any CPU
	EndGlobalSection
	GlobalSection(SolutionProperties) = preSolution
		HideSolutionNode = FALSE
	EndGlobalSection
	GlobalSection(ExtensibilityGlobals) = postSolution
		SolutionGuid = {4116E403-1B46-4213-9057-4BFFC4139658}
	EndGlobalSection
EndGlobal
